// !$*UTF8*$!
{
	archiveVersion = 1;
	classes = {
	};
	objectVersion = 55;
	objects = {

/* Begin PBXBuildFile section */
		582795EB27DE78FF00EB9003 /* URLImage in Frameworks */ = {isa = PBXBuildFile; productRef = 582795EA27DE78FF00EB9003 /* URLImage */; };
		582795ED27DE791500EB9003 /* ProfileCard.swift in Sources */ = {isa = PBXBuildFile; fileRef = 582795EC27DE791500EB9003 /* ProfileCard.swift */; };
		5857565227D9ABEE009DDF48 /* bilibiliLivestreamTrackerApp.swift in Sources */ = {isa = PBXBuildFile; fileRef = 5857565127D9ABEE009DDF48 /* bilibiliLivestreamTrackerApp.swift */; };
		5857565627D9ABF0009DDF48 /* Assets.xcassets in Resources */ = {isa = PBXBuildFile; fileRef = 5857565527D9ABF0009DDF48 /* Assets.xcassets */; };
		5857565927D9ABF0009DDF48 /* Preview Assets.xcassets in Resources */ = {isa = PBXBuildFile; fileRef = 5857565827D9ABF0009DDF48 /* Preview Assets.xcassets */; };
		5857566227D9AC24009DDF48 /* Constants.swift in Sources */ = {isa = PBXBuildFile; fileRef = 5857566127D9AC24009DDF48 /* Constants.swift */; };
		58BC358B27DAD62F0069729F /* Room.swift in Sources */ = {isa = PBXBuildFile; fileRef = 58BC358A27DAD62F0069729F /* Room.swift */; };
		58BC358D27DAD68D0069729F /* RoomSearch.swift in Sources */ = {isa = PBXBuildFile; fileRef = 58BC358C27DAD68D0069729F /* RoomSearch.swift */; };
		58BC359027DAD8AA0069729F /* ContentModel.swift in Sources */ = {isa = PBXBuildFile; fileRef = 58BC358F27DAD8AA0069729F /* ContentModel.swift */; };
		58BC359327DAE19C0069729F /* BluesisConstants.swift in Sources */ = {isa = PBXBuildFile; fileRef = 58BC359227DAE19C0069729F /* BluesisConstants.swift */; };
		58BC359927DAED730069729F /* Streamer.swift in Sources */ = {isa = PBXBuildFile; fileRef = 58BC359827DAED730069729F /* Streamer.swift */; };
		58BC359B27DAED790069729F /* StreamerSearch.swift in Sources */ = {isa = PBXBuildFile; fileRef = 58BC359A27DAED790069729F /* StreamerSearch.swift */; };
		58BC359D27DAF05A0069729F /* MainPageView.swift in Sources */ = {isa = PBXBuildFile; fileRef = 58BC359C27DAF05A0069729F /* MainPageView.swift */; };
/* End PBXBuildFile section */

/* Begin PBXFileReference section */
		582795EC27DE791500EB9003 /* ProfileCard.swift */ = {isa = PBXFileReference; lastKnownFileType = sourcecode.swift; path = ProfileCard.swift; sourceTree = "<group>"; };
		5857564E27D9ABEE009DDF48 /* bilibiliLivestreamTracker.app */ = {isa = PBXFileReference; explicitFileType = wrapper.application; includeInIndex = 0; path = bilibiliLivestreamTracker.app; sourceTree = BUILT_PRODUCTS_DIR; };
		5857565127D9ABEE009DDF48 /* bilibiliLivestreamTrackerApp.swift */ = {isa = PBXFileReference; lastKnownFileType = sourcecode.swift; path = bilibiliLivestreamTrackerApp.swift; sourceTree = "<group>"; };
		5857565527D9ABF0009DDF48 /* Assets.xcassets */ = {isa = PBXFileReference; lastKnownFileType = folder.assetcatalog; path = Assets.xcassets; sourceTree = "<group>"; };
		5857565827D9ABF0009DDF48 /* Preview Assets.xcassets */ = {isa = PBXFileReference; lastKnownFileType = folder.assetcatalog; path = "Preview Assets.xcassets"; sourceTree = "<group>"; };
		5857566127D9AC24009DDF48 /* Constants.swift */ = {isa = PBXFileReference; lastKnownFileType = sourcecode.swift; path = Constants.swift; sourceTree = "<group>"; };
		58BC358A27DAD62F0069729F /* Room.swift */ = {isa = PBXFileReference; lastKnownFileType = sourcecode.swift; path = Room.swift; sourceTree = "<group>"; };
		58BC358C27DAD68D0069729F /* RoomSearch.swift */ = {isa = PBXFileReference; lastKnownFileType = sourcecode.swift; path = RoomSearch.swift; sourceTree = "<group>"; };
		58BC358F27DAD8AA0069729F /* ContentModel.swift */ = {isa = PBXFileReference; lastKnownFileType = sourcecode.swift; path = ContentModel.swift; sourceTree = "<group>"; };
		58BC359227DAE19C0069729F /* BluesisConstants.swift */ = {isa = PBXFileReference; lastKnownFileType = sourcecode.swift; path = BluesisConstants.swift; sourceTree = "<group>"; };
		58BC359827DAED730069729F /* Streamer.swift */ = {isa = PBXFileReference; lastKnownFileType = sourcecode.swift; path = Streamer.swift; sourceTree = "<group>"; };
		58BC359A27DAED790069729F /* StreamerSearch.swift */ = {isa = PBXFileReference; lastKnownFileType = sourcecode.swift; path = StreamerSearch.swift; sourceTree = "<group>"; };
		58BC359C27DAF05A0069729F /* MainPageView.swift */ = {isa = PBXFileReference; lastKnownFileType = sourcecode.swift; path = MainPageView.swift; sourceTree = "<group>"; };
		58C31DA827DE7D9B000C98B5 /* Info.plist */ = {isa = PBXFileReference; lastKnownFileType = text.plist; path = Info.plist; sourceTree = "<group>"; };
/* End PBXFileReference section */

/* Begin PBXFrameworksBuildPhase section */
		5857564B27D9ABEE009DDF48 /* Frameworks */ = {
			isa = PBXFrameworksBuildPhase;
			buildActionMask = 2147483647;
			files = (
				582795EB27DE78FF00EB9003 /* URLImage in Frameworks */,
			);
			runOnlyForDeploymentPostprocessing = 0;
		};
/* End PBXFrameworksBuildPhase section */

/* Begin PBXGroup section */
		5857564527D9ABEE009DDF48 = {
			isa = PBXGroup;
			children = (
				5857565027D9ABEE009DDF48 /* bilibiliLivestreamTracker */,
				5857565527D9ABF0009DDF48 /* Assets.xcassets */,
				5857564F27D9ABEE009DDF48 /* Products */,
			);
			sourceTree = "<group>";
		};
		5857564F27D9ABEE009DDF48 /* Products */ = {
			isa = PBXGroup;
			children = (
				5857564E27D9ABEE009DDF48 /* bilibiliLivestreamTracker.app */,
			);
			name = Products;
			sourceTree = "<group>";
		};
		5857565027D9ABEE009DDF48 /* bilibiliLivestreamTracker */ = {
			isa = PBXGroup;
			children = (
				5857565127D9ABEE009DDF48 /* bilibiliLivestreamTrackerApp.swift */,
				58C31DA827DE7D9B000C98B5 /* Info.plist */,
				58C31DA927DE7EFB000C98B5 /* Models */,
				58BC359527DAE4EA0069729F /* ViewModels */,
				58BC358E27DAD8850069729F /* Views */,
				5857566927D9B7BD009DDF48 /* ConstantTerms */,
				5857565727D9ABF0009DDF48 /* Preview Content */,
			);
			path = bilibiliLivestreamTracker;
			sourceTree = "<group>";
		};
		5857565727D9ABF0009DDF48 /* Preview Content */ = {
			isa = PBXGroup;
			children = (
				5857565827D9ABF0009DDF48 /* Preview Assets.xcassets */,
			);
			path = "Preview Content";
			sourceTree = "<group>";
		};
		5857566927D9B7BD009DDF48 /* ConstantTerms */ = {
			isa = PBXGroup;
			children = (
				58BC359227DAE19C0069729F /* BluesisConstants.swift */,
				5857566127D9AC24009DDF48 /* Constants.swift */,
			);
			path = ConstantTerms;
			sourceTree = "<group>";
		};
		58BC358E27DAD8850069729F /* Views */ = {
			isa = PBXGroup;
			children = (
				58BC359C27DAF05A0069729F /* MainPageView.swift */,
				582795EC27DE791500EB9003 /* ProfileCard.swift */,
			);
			path = Views;
			sourceTree = "<group>";
		};
		58BC359527DAE4EA0069729F /* ViewModels */ = {
			isa = PBXGroup;
			children = (
				58BC358F27DAD8AA0069729F /* ContentModel.swift */,
			);
			path = ViewModels;
			sourceTree = "<group>";
		};
		58BC359627DAED580069729F /* Room Models */ = {
			isa = PBXGroup;
			children = (
				58BC358A27DAD62F0069729F /* Room.swift */,
				58BC358C27DAD68D0069729F /* RoomSearch.swift */,
			);
			path = "Room Models";
			sourceTree = "<group>";
		};
		58BC359727DAED640069729F /* Streamer Models */ = {
			isa = PBXGroup;
			children = (
				58BC359827DAED730069729F /* Streamer.swift */,
				58BC359A27DAED790069729F /* StreamerSearch.swift */,
			);
			path = "Streamer Models";
			sourceTree = "<group>";
		};
		58C31DA927DE7EFB000C98B5 /* Models */ = {
			isa = PBXGroup;
			children = (
				58BC359627DAED580069729F /* Room Models */,
				58BC359727DAED640069729F /* Streamer Models */,
			);
			path = Models;
			sourceTree = "<group>";
		};
/* End PBXGroup section */

/* Begin PBXNativeTarget section */
		5857564D27D9ABEE009DDF48 /* bilibiliLivestreamTracker */ = {
			isa = PBXNativeTarget;
			buildConfigurationList = 5857565C27D9ABF0009DDF48 /* Build configuration list for PBXNativeTarget "bilibiliLivestreamTracker" */;
			buildPhases = (
				5857564A27D9ABEE009DDF48 /* Sources */,
				5857564B27D9ABEE009DDF48 /* Frameworks */,
				5857564C27D9ABEE009DDF48 /* Resources */,
			);
			buildRules = (
			);
			dependencies = (
			);
			name = bilibiliLivestreamTracker;
			packageProductDependencies = (
				582795EA27DE78FF00EB9003 /* URLImage */,
			);
			productName = bilibiliLivestreamTracker;
			productReference = 5857564E27D9ABEE009DDF48 /* bilibiliLivestreamTracker.app */;
			productType = "com.apple.product-type.application";
		};
/* End PBXNativeTarget section */

/* Begin PBXProject section */
		5857564627D9ABEE009DDF48 /* Project object */ = {
			isa = PBXProject;
			attributes = {
				BuildIndependentTargetsInParallel = 1;
				LastSwiftUpdateCheck = 1320;
				LastUpgradeCheck = 1320;
				TargetAttributes = {
					5857564D27D9ABEE009DDF48 = {
						CreatedOnToolsVersion = 13.2.1;
					};
				};
			};
			buildConfigurationList = 5857564927D9ABEE009DDF48 /* Build configuration list for PBXProject "bilibiliLivestreamTracker" */;
			compatibilityVersion = "Xcode 13.0";
			developmentRegion = en;
			hasScannedForEncodings = 0;
			knownRegions = (
				en,
				Base,
			);
			mainGroup = 5857564527D9ABEE009DDF48;
			packageReferences = (
				582795E927DE78FF00EB9003 /* XCRemoteSwiftPackageReference "url-image" */,
			);
			productRefGroup = 5857564F27D9ABEE009DDF48 /* Products */;
			projectDirPath = "";
			projectRoot = "";
			targets = (
				5857564D27D9ABEE009DDF48 /* bilibiliLivestreamTracker */,
			);
		};
/* End PBXProject section */

/* Begin PBXResourcesBuildPhase section */
		5857564C27D9ABEE009DDF48 /* Resources */ = {
			isa = PBXResourcesBuildPhase;
			buildActionMask = 2147483647;
			files = (
				5857565927D9ABF0009DDF48 /* Preview Assets.xcassets in Resources */,
				5857565627D9ABF0009DDF48 /* Assets.xcassets in Resources */,
			);
			runOnlyForDeploymentPostprocessing = 0;
		};
/* End PBXResourcesBuildPhase section */

/* Begin PBXSourcesBuildPhase section */
		5857564A27D9ABEE009DDF48 /* Sources */ = {
			isa = PBXSourcesBuildPhase;
			buildActionMask = 2147483647;
			files = (
				582795ED27DE791500EB9003 /* ProfileCard.swift in Sources */,
				5857565227D9ABEE009DDF48 /* bilibiliLivestreamTrackerApp.swift in Sources */,
				5857566227D9AC24009DDF48 /* Constants.swift in Sources */,
				58BC359B27DAED790069729F /* StreamerSearch.swift in Sources */,
				58BC359027DAD8AA0069729F /* ContentModel.swift in Sources */,
				58BC359927DAED730069729F /* Streamer.swift in Sources */,
				58BC359D27DAF05A0069729F /* MainPageView.swift in Sources */,
				58BC358D27DAD68D0069729F /* RoomSearch.swift in Sources */,
				58BC358B27DAD62F0069729F /* Room.swift in Sources */,
				58BC359327DAE19C0069729F /* BluesisConstants.swift in Sources */,
			);
			runOnlyForDeploymentPostprocessing = 0;
		};
/* End PBXSourcesBuildPhase section */

/* Begin XCBuildConfiguration section */
		5857565A27D9ABF0009DDF48 /* Debug */ = {
			isa = XCBuildConfiguration;
			buildSettings = {
				ALWAYS_SEARCH_USER_PATHS = NO;
				CLANG_ANALYZER_NONNULL = YES;
				CLANG_ANALYZER_NUMBER_OBJECT_CONVERSION = YES_AGGRESSIVE;
				CLANG_CXX_LANGUAGE_STANDARD = "gnu++17";
				CLANG_CXX_LIBRARY = "libc++";
				CLANG_ENABLE_MODULES = YES;
				CLANG_ENABLE_OBJC_ARC = YES;
				CLANG_ENABLE_OBJC_WEAK = YES;
				CLANG_WARN_BLOCK_CAPTURE_AUTORELEASING = YES;
				CLANG_WARN_BOOL_CONVERSION = YES;
				CLANG_WARN_COMMA = YES;
				CLANG_WARN_CONSTANT_CONVERSION = YES;
				CLANG_WARN_DEPRECATED_OBJC_IMPLEMENTATIONS = YES;
				CLANG_WARN_DIRECT_OBJC_ISA_USAGE = YES_ERROR;
				CLANG_WARN_DOCUMENTATION_COMMENTS = YES;
				CLANG_WARN_EMPTY_BODY = YES;
				CLANG_WARN_ENUM_CONVERSION = YES;
				CLANG_WARN_INFINITE_RECURSION = YES;
				CLANG_WARN_INT_CONVERSION = YES;
				CLANG_WARN_NON_LITERAL_NULL_CONVERSION = YES;
				CLANG_WARN_OBJC_IMPLICIT_RETAIN_SELF = YES;
				CLANG_WARN_OBJC_LITERAL_CONVERSION = YES;
				CLANG_WARN_OBJC_ROOT_CLASS = YES_ERROR;
				CLANG_WARN_QUOTED_INCLUDE_IN_FRAMEWORK_HEADER = YES;
				CLANG_WARN_RANGE_LOOP_ANALYSIS = YES;
				CLANG_WARN_STRICT_PROTOTYPES = YES;
				CLANG_WARN_SUSPICIOUS_MOVE = YES;
				CLANG_WARN_UNGUARDED_AVAILABILITY = YES_AGGRESSIVE;
				CLANG_WARN_UNREACHABLE_CODE = YES;
				CLANG_WARN__DUPLICATE_METHOD_MATCH = YES;
				COPY_PHASE_STRIP = NO;
				DEBUG_INFORMATION_FORMAT = dwarf;
				ENABLE_STRICT_OBJC_MSGSEND = YES;
				ENABLE_TESTABILITY = YES;
				GCC_C_LANGUAGE_STANDARD = gnu11;
				GCC_DYNAMIC_NO_PIC = NO;
				GCC_NO_COMMON_BLOCKS = YES;
				GCC_OPTIMIZATION_LEVEL = 0;
				GCC_PREPROCESSOR_DEFINITIONS = (
					"DEBUG=1",
					"$(inherited)",
				);
				GCC_WARN_64_TO_32_BIT_CONVERSION = YES;
				GCC_WARN_ABOUT_RETURN_TYPE = YES_ERROR;
				GCC_WARN_UNDECLARED_SELECTOR = YES;
				GCC_WARN_UNINITIALIZED_AUTOS = YES_AGGRESSIVE;
				GCC_WARN_UNUSED_FUNCTION = YES;
				GCC_WARN_UNUSED_VARIABLE = YES;
				IPHONEOS_DEPLOYMENT_TARGET = 15.2;
				MTL_ENABLE_DEBUG_INFO = INCLUDE_SOURCE;
				MTL_FAST_MATH = YES;
				ONLY_ACTIVE_ARCH = YES;
				SDKROOT = iphoneos;
				SWIFT_ACTIVE_COMPILATION_CONDITIONS = DEBUG;
				SWIFT_OPTIMIZATION_LEVEL = "-Onone";
			};
			name = Debug;
		};
		5857565B27D9ABF0009DDF48 /* Release */ = {
			isa = XCBuildConfiguration;
			buildSettings = {
				ALWAYS_SEARCH_USER_PATHS = NO;
				CLANG_ANALYZER_NONNULL = YES;
				CLANG_ANALYZER_NUMBER_OBJECT_CONVERSION = YES_AGGRESSIVE;
				CLANG_CXX_LANGUAGE_STANDARD = "gnu++17";
				CLANG_CXX_LIBRARY = "libc++";
				CLANG_ENABLE_MODULES = YES;
				CLANG_ENABLE_OBJC_ARC = YES;
				CLANG_ENABLE_OBJC_WEAK = YES;
				CLANG_WARN_BLOCK_CAPTURE_AUTORELEASING = YES;
				CLANG_WARN_BOOL_CONVERSION = YES;
				CLANG_WARN_COMMA = YES;
				CLANG_WARN_CONSTANT_CONVERSION = YES;
				CLANG_WARN_DEPRECATED_OBJC_IMPLEMENTATIONS = YES;
				CLANG_WARN_DIRECT_OBJC_ISA_USAGE = YES_ERROR;
				CLANG_WARN_DOCUMENTATION_COMMENTS = YES;
				CLANG_WARN_EMPTY_BODY = YES;
				CLANG_WARN_ENUM_CONVERSION = YES;
				CLANG_WARN_INFINITE_RECURSION = YES;
				CLANG_WARN_INT_CONVERSION = YES;
				CLANG_WARN_NON_LITERAL_NULL_CONVERSION = YES;
				CLANG_WARN_OBJC_IMPLICIT_RETAIN_SELF = YES;
				CLANG_WARN_OBJC_LITERAL_CONVERSION = YES;
				CLANG_WARN_OBJC_ROOT_CLASS = YES_ERROR;
				CLANG_WARN_QUOTED_INCLUDE_IN_FRAMEWORK_HEADER = YES;
				CLANG_WARN_RANGE_LOOP_ANALYSIS = YES;
				CLANG_WARN_STRICT_PROTOTYPES = YES;
				CLANG_WARN_SUSPICIOUS_MOVE = YES;
				CLANG_WARN_UNGUARDED_AVAILABILITY = YES_AGGRESSIVE;
				CLANG_WARN_UNREACHABLE_CODE = YES;
				CLANG_WARN__DUPLICATE_METHOD_MATCH = YES;
				COPY_PHASE_STRIP = NO;
				DEBUG_INFORMATION_FORMAT = "dwarf-with-dsym";
				ENABLE_NS_ASSERTIONS = NO;
				ENABLE_STRICT_OBJC_MSGSEND = YES;
				GCC_C_LANGUAGE_STANDARD = gnu11;
				GCC_NO_COMMON_BLOCKS = YES;
				GCC_WARN_64_TO_32_BIT_CONVERSION = YES;
				GCC_WARN_ABOUT_RETURN_TYPE = YES_ERROR;
				GCC_WARN_UNDECLARED_SELECTOR = YES;
				GCC_WARN_UNINITIALIZED_AUTOS = YES_AGGRESSIVE;
				GCC_WARN_UNUSED_FUNCTION = YES;
				GCC_WARN_UNUSED_VARIABLE = YES;
				IPHONEOS_DEPLOYMENT_TARGET = 15.2;
				MTL_ENABLE_DEBUG_INFO = NO;
				MTL_FAST_MATH = YES;
				SDKROOT = iphoneos;
				SWIFT_COMPILATION_MODE = wholemodule;
				SWIFT_OPTIMIZATION_LEVEL = "-O";
				VALIDATE_PRODUCT = YES;
			};
			name = Release;
		};
		5857565D27D9ABF0009DDF48 /* Debug */ = {
			isa = XCBuildConfiguration;
			buildSettings = {
				ASSETCATALOG_COMPILER_APPICON_NAME = AppIcon;
				ASSETCATALOG_COMPILER_GLOBAL_ACCENT_COLOR_NAME = AccentColor;
				CODE_SIGN_STYLE = Automatic;
				CURRENT_PROJECT_VERSION = 1;
				DEVELOPMENT_ASSET_PATHS = "\"bilibiliLivestreamTracker/Preview Content\"";
				DEVELOPMENT_TEAM = C3KCZH7929;
				ENABLE_PREVIEWS = YES;
				GENERATE_INFOPLIST_FILE = YES;
				INFOPLIST_FILE = bilibiliLivestreamTracker/Info.plist;
				INFOPLIST_KEY_UIApplicationSceneManifest_Generation = YES;
				INFOPLIST_KEY_UIApplicationSupportsIndirectInputEvents = YES;
				INFOPLIST_KEY_UILaunchScreen_Generation = YES;
				INFOPLIST_KEY_UISupportedInterfaceOrientations_iPad = "UIInterfaceOrientationPortrait UIInterfaceOrientationPortraitUpsideDown UIInterfaceOrientationLandscapeLeft UIInterfaceOrientationLandscapeRight";
				INFOPLIST_KEY_UISupportedInterfaceOrientations_iPhone = "UIInterfaceOrientationPortrait UIInterfaceOrientationLandscapeLeft UIInterfaceOrientationLandscapeRight";
				LD_RUNPATH_SEARCH_PATHS = (
					"$(inherited)",
					"@executable_path/Frameworks",
				);
				MARKETING_VERSION = 1.0;
				PRODUCT_BUNDLE_IDENTIFIER = com.haotianmo.bilibiliLivestreamTracker;
				PRODUCT_NAME = "$(TARGET_NAME)";
				SWIFT_EMIT_LOC_STRINGS = YES;
				SWIFT_VERSION = 5.0;
				TARGETED_DEVICE_FAMILY = "1,2";
			};
			name = Debug;
		};
		5857565E27D9ABF0009DDF48 /* Release */ = {
			isa = XCBuildConfiguration;
			buildSettings = {
				ASSETCATALOG_COMPILER_APPICON_NAME = AppIcon;
				ASSETCATALOG_COMPILER_GLOBAL_ACCENT_COLOR_NAME = AccentColor;
				CODE_SIGN_STYLE = Automatic;
				CURRENT_PROJECT_VERSION = 1;
				DEVELOPMENT_ASSET_PATHS = "\"bilibiliLivestreamTracker/Preview Content\"";
				DEVELOPMENT_TEAM = C3KCZH7929;
				ENABLE_PREVIEWS = YES;
				GENERATE_INFOPLIST_FILE = YES;
				INFOPLIST_FILE = bilibiliLivestreamTracker/Info.plist;
				INFOPLIST_KEY_UIApplicationSceneManifest_Generation = YES;
				INFOPLIST_KEY_UIApplicationSupportsIndirectInputEvents = YES;
				INFOPLIST_KEY_UILaunchScreen_Generation = YES;
				INFOPLIST_KEY_UISupportedInterfaceOrientations_iPad = "UIInterfaceOrientationPortrait UIInterfaceOrientationPortraitUpsideDown UIInterfaceOrientationLandscapeLeft UIInterfaceOrientationLandscapeRight";
				INFOPLIST_KEY_UISupportedInterfaceOrientations_iPhone = "UIInterfaceOrientationPortrait UIInterfaceOrientationLandscapeLeft UIInterfaceOrientationLandscapeRight";
				LD_RUNPATH_SEARCH_PATHS = (
					"$(inherited)",
					"@executable_path/Frameworks",
				);
				MARKETING_VERSION = 1.0;
				PRODUCT_BUNDLE_IDENTIFIER = com.haotianmo.bilibiliLivestreamTracker;
				PRODUCT_NAME = "$(TARGET_NAME)";
				SWIFT_EMIT_LOC_STRINGS = YES;
				SWIFT_VERSION = 5.0;
				TARGETED_DEVICE_FAMILY = "1,2";
			};
			name = Release;
		};
/* End XCBuildConfiguration section */

/* Begin XCConfigurationList section */
		5857564927D9ABEE009DDF48 /* Build configuration list for PBXProject "bilibiliLivestreamTracker" */ = {
			isa = XCConfigurationList;
			buildConfigurations = (
				5857565A27D9ABF0009DDF48 /* Debug */,
				5857565B27D9ABF0009DDF48 /* Release */,
			);
			defaultConfigurationIsVisible = 0;
			defaultConfigurationName = Release;
		};
		5857565C27D9ABF0009DDF48 /* Build configuration list for PBXNativeTarget "bilibiliLivestreamTracker" */ = {
			isa = XCConfigurationList;
			buildConfigurations = (
				5857565D27D9ABF0009DDF48 /* Debug */,
				5857565E27D9ABF0009DDF48 /* Release */,
			);
			defaultConfigurationIsVisible = 0;
			defaultConfigurationName = Release;
		};
/* End XCConfigurationList section */

/* Begin XCRemoteSwiftPackageReference section */
		582795E927DE78FF00EB9003 /* XCRemoteSwiftPackageReference "url-image" */ = {
			isa = XCRemoteSwiftPackageReference;
			repositoryURL = "https://github.com/dmytro-anokhin/url-image";
			requirement = {
				kind = upToNextMajorVersion;
				minimumVersion = 3.0.0;
			};
		};
/* End XCRemoteSwiftPackageReference section */

/* Begin XCSwiftPackageProductDependency section */
		582795EA27DE78FF00EB9003 /* URLImage */ = {
			isa = XCSwiftPackageProductDependency;
			package = 582795E927DE78FF00EB9003 /* XCRemoteSwiftPackageReference "url-image" */;
			productName = URLImage;
		};
/* End XCSwiftPackageProductDependency section */
	};
	rootObject = 5857564627D9ABEE009DDF48 /* Project object */;
}
